{
  "name": "test-package",
  "version": "1.0.0",
  "lockfileVersion": 1,
  "requires": true,
  "dependencies": {
    "@wcs-jn/common": {
      "version": "1.0.5",
      "resolved": "https://registry.npmjs.org/@wcs-jn/common/-/common-1.0.5.tgz",
      "integrity": "sha512-g/liYjVyOj1x1PoQCjjwS0fcfLWLZDUUsJVn1GJSHmteKTgUxbTbs9Iq5X5jCH8u0RMZIvMUqJxFbjLowslZsA=="
    }
  }
}
